
Microsoft Visual Studio Solution File, Format Version 12.00
# Visual Studio Version 17
VisualStudioVersion = 17.3.32901.215
MinimumVisualStudioVersion = 10.0.40219.1
Project("{FAE04EC0-301F-11D3-BF4B-00C04F79EFBC}") = "api.autenticacion", "api.autenticacion\api.autenticacion.csproj", "{CAE9B630-A0BB-4CAA-8F11-4AAE69EFDEAC}"
EndProject
Global
	GlobalSection(SolutionConfigurationPlatforms) = preSolution
		Debug|Any CPU = Debug|Any CPU
		Release|Any CPU = Release|Any CPU
	EndGlobalSection
	GlobalSection(ProjectConfigurationPlatforms) = postSolution
		{CAE9B630-A0BB-4CAA-8F11-4AAE69EFDEAC}.Debug|Any CPU.ActiveCfg = Debug|Any CPU
		{CAE9B630-A0BB-4CAA-8F11-4AAE69EFDEAC}.Debug|Any CPU.Build.0 = Debug|Any CPU
		{CAE9B630-A0BB-4CAA-8F11-4AAE69EFDEAC}.Release|Any CPU.ActiveCfg = Release|Any CPU
		{CAE9B630-A0BB-4CAA-8F11-4AAE69EFDEAC}.Release|Any CPU.Build.0 = Release|Any CPU
	EndGlobalSection
	GlobalSection(SolutionProperties) = preSolution
		HideSolutionNode = FALSE
	EndGlobalSection
	GlobalSection(ExtensibilityGlobals) = postSolution
		SolutionGuid = {F58A3304-4ACE-4D2E-8123-4ABF0DE34C37}
	EndGlobalSection
EndGlobal
